
Microsoft Visual Studio Solution File, Format Version 12.00
# Visual Studio Version 17
VisualStudioVersion = 17.0.31903.59
MinimumVisualStudioVersion = 10.0.40219.1
Project("{2150E333-8FDC-42A3-9474-1A3956D46DE8}") = "src", "src", "{827E0CD3-B72D-47B6-A68D-7590B98EB39B}"
EndProject
Project("{FAE04EC0-301F-11D3-BF4B-00C04F79EFBC}") = "Mabuntle.Api", "src\Mabuntle.Api\Mabuntle.Api.csproj", "{467F357F-E129-494A-BC95-E21B4F5656DA}"
EndProject
Project("{FAE04EC0-301F-11D3-BF4B-00C04F79EFBC}") = "Mabuntle.Application", "src\Mabuntle.Application\Mabuntle.Application.csproj", "{BFFEACBF-85F4-4000-A5EE-2E48E9F7D8CC}"
EndProject
Project("{FAE04EC0-301F-11D3-BF4B-00C04F79EFBC}") = "Mabuntle.Domain", "src\Mabuntle.Domain\Mabuntle.Domain.csproj", "{F2E745C9-6F0A-4B7A-91E3-516498ACE12E}"
EndProject
Project("{FAE04EC0-301F-11D3-BF4B-00C04F79EFBC}") = "Mabuntle.Infrastructure", "src\Mabuntle.Infrastructure\Mabuntle.Infrastructure.csproj", "{2D992E49-C14A-4EF8-A2B1-22362F308F41}"
EndProject
Project("{FAE04EC0-301F-11D3-BF4B-00C04F79EFBC}") = "Mabuntle.Worker", "src\Mabuntle.Worker\Mabuntle.Worker.csproj", "{043F1F77-B02E-4CD2-B65A-F8BADF297E05}"
EndProject
Project("{FAE04EC0-301F-11D3-BF4B-00C04F79EFBC}") = "Mabuntle.UnitTests", "tests\Mabuntle.UnitTests\Mabuntle.UnitTests.csproj", "{1AC1065B-AE13-47B2-89AA-ABFFFB103B72}"
EndProject
Project("{FAE04EC0-301F-11D3-BF4B-00C04F79EFBC}") = "Mabuntle.IntegrationTests", "tests\Mabuntle.IntegrationTests\Mabuntle.IntegrationTests.csproj", "{544C5FE4-3808-44F6-88B3-1AFDBA2138B9}"
EndProject
Global
	GlobalSection(SolutionConfigurationPlatforms) = preSolution
		Debug|Any CPU = Debug|Any CPU
		Debug|x64 = Debug|x64
		Debug|x86 = Debug|x86
		Release|Any CPU = Release|Any CPU
		Release|x64 = Release|x64
		Release|x86 = Release|x86
	EndGlobalSection
	GlobalSection(ProjectConfigurationPlatforms) = postSolution
		{467F357F-E129-494A-BC95-E21B4F5656DA}.Debug|Any CPU.ActiveCfg = Debug|Any CPU
		{467F357F-E129-494A-BC95-E21B4F5656DA}.Debug|Any CPU.Build.0 = Debug|Any CPU
		{467F357F-E129-494A-BC95-E21B4F5656DA}.Debug|x64.ActiveCfg = Debug|Any CPU
		{467F357F-E129-494A-BC95-E21B4F5656DA}.Debug|x64.Build.0 = Debug|Any CPU
		{467F357F-E129-494A-BC95-E21B4F5656DA}.Debug|x86.ActiveCfg = Debug|Any CPU
		{467F357F-E129-494A-BC95-E21B4F5656DA}.Debug|x86.Build.0 = Debug|Any CPU
		{467F357F-E129-494A-BC95-E21B4F5656DA}.Release|Any CPU.ActiveCfg = Release|Any CPU
		{467F357F-E129-494A-BC95-E21B4F5656DA}.Release|Any CPU.Build.0 = Release|Any CPU
		{467F357F-E129-494A-BC95-E21B4F5656DA}.Release|x64.ActiveCfg = Release|Any CPU
		{467F357F-E129-494A-BC95-E21B4F5656DA}.Release|x64.Build.0 = Release|Any CPU
		{467F357F-E129-494A-BC95-E21B4F5656DA}.Release|x86.ActiveCfg = Release|Any CPU
		{467F357F-E129-494A-BC95-E21B4F5656DA}.Release|x86.Build.0 = Release|Any CPU
		{BFFEACBF-85F4-4000-A5EE-2E48E9F7D8CC}.Debug|Any CPU.ActiveCfg = Debug|Any CPU
		{BFFEACBF-85F4-4000-A5EE-2E48E9F7D8CC}.Debug|Any CPU.Build.0 = Debug|Any CPU
		{BFFEACBF-85F4-4000-A5EE-2E48E9F7D8CC}.Debug|x64.ActiveCfg = Debug|Any CPU
		{BFFEACBF-85F4-4000-A5EE-2E48E9F7D8CC}.Debug|x64.Build.0 = Debug|Any CPU
		{BFFEACBF-85F4-4000-A5EE-2E48E9F7D8CC}.Debug|x86.ActiveCfg = Debug|Any CPU
		{BFFEACBF-85F4-4000-A5EE-2E48E9F7D8CC}.Debug|x86.Build.0 = Debug|Any CPU
		{BFFEACBF-85F4-4000-A5EE-2E48E9F7D8CC}.Release|Any CPU.ActiveCfg = Release|Any CPU
		{BFFEACBF-85F4-4000-A5EE-2E48E9F7D8CC}.Release|Any CPU.Build.0 = Release|Any CPU
		{BFFEACBF-85F4-4000-A5EE-2E48E9F7D8CC}.Release|x64.ActiveCfg = Release|Any CPU
		{BFFEACBF-85F4-4000-A5EE-2E48E9F7D8CC}.Release|x64.Build.0 = Release|Any CPU
		{BFFEACBF-85F4-4000-A5EE-2E48E9F7D8CC}.Release|x86.ActiveCfg = Release|Any CPU
		{BFFEACBF-85F4-4000-A5EE-2E48E9F7D8CC}.Release|x86.Build.0 = Release|Any CPU
		{F2E745C9-6F0A-4B7A-91E3-516498ACE12E}.Debug|Any CPU.ActiveCfg = Debug|Any CPU
		{F2E745C9-6F0A-4B7A-91E3-516498ACE12E}.Debug|Any CPU.Build.0 = Debug|Any CPU
		{F2E745C9-6F0A-4B7A-91E3-516498ACE12E}.Debug|x64.ActiveCfg = Debug|Any CPU
		{F2E745C9-6F0A-4B7A-91E3-516498ACE12E}.Debug|x64.Build.0 = Debug|Any CPU
		{F2E745C9-6F0A-4B7A-91E3-516498ACE12E}.Debug|x86.ActiveCfg = Debug|Any CPU
		{F2E745C9-6F0A-4B7A-91E3-516498ACE12E}.Debug|x86.Build.0 = Debug|Any CPU
		{F2E745C9-6F0A-4B7A-91E3-516498ACE12E}.Release|Any CPU.ActiveCfg = Release|Any CPU
		{F2E745C9-6F0A-4B7A-91E3-516498ACE12E}.Release|Any CPU.Build.0 = Release|Any CPU
		{F2E745C9-6F0A-4B7A-91E3-516498ACE12E}.Release|x64.ActiveCfg = Release|Any CPU
		{F2E745C9-6F0A-4B7A-91E3-516498ACE12E}.Release|x64.Build.0 = Release|Any CPU
		{F2E745C9-6F0A-4B7A-91E3-516498ACE12E}.Release|x86.ActiveCfg = Release|Any CPU
		{F2E745C9-6F0A-4B7A-91E3-516498ACE12E}.Release|x86.Build.0 = Release|Any CPU
		{2D992E49-C14A-4EF8-A2B1-22362F308F41}.Debug|Any CPU.ActiveCfg = Debug|Any CPU
		{2D992E49-C14A-4EF8-A2B1-22362F308F41}.Debug|Any CPU.Build.0 = Debug|Any CPU
		{2D992E49-C14A-4EF8-A2B1-22362F308F41}.Debug|x64.ActiveCfg = Debug|Any CPU
		{2D992E49-C14A-4EF8-A2B1-22362F308F41}.Debug|x64.Build.0 = Debug|Any CPU
		{2D992E49-C14A-4EF8-A2B1-22362F308F41}.Debug|x86.ActiveCfg = Debug|Any CPU
		{2D992E49-C14A-4EF8-A2B1-22362F308F41}.Debug|x86.Build.0 = Debug|Any CPU
		{2D992E49-C14A-4EF8-A2B1-22362F308F41}.Release|Any CPU.ActiveCfg = Release|Any CPU
		{2D992E49-C14A-4EF8-A2B1-22362F308F41}.Release|Any CPU.Build.0 = Release|Any CPU
		{2D992E49-C14A-4EF8-A2B1-22362F308F41}.Release|x64.ActiveCfg = Release|Any CPU
		{2D992E49-C14A-4EF8-A2B1-22362F308F41}.Release|x64.Build.0 = Release|Any CPU
		{2D992E49-C14A-4EF8-A2B1-22362F308F41}.Release|x86.ActiveCfg = Release|Any CPU
		{2D992E49-C14A-4EF8-A2B1-22362F308F41}.Release|x86.Build.0 = Release|Any CPU
		{043F1F77-B02E-4CD2-B65A-F8BADF297E05}.Debug|Any CPU.ActiveCfg = Debug|Any CPU
		{043F1F77-B02E-4CD2-B65A-F8BADF297E05}.Debug|Any CPU.Build.0 = Debug|Any CPU
		{043F1F77-B02E-4CD2-B65A-F8BADF297E05}.Debug|x64.ActiveCfg = Debug|Any CPU
		{043F1F77-B02E-4CD2-B65A-F8BADF297E05}.Debug|x64.Build.0 = Debug|Any CPU
		{043F1F77-B02E-4CD2-B65A-F8BADF297E05}.Debug|x86.ActiveCfg = Debug|Any CPU
		{043F1F77-B02E-4CD2-B65A-F8BADF297E05}.Debug|x86.Build.0 = Debug|Any CPU
		{043F1F77-B02E-4CD2-B65A-F8BADF297E05}.Release|Any CPU.ActiveCfg = Release|Any CPU
		{043F1F77-B02E-4CD2-B65A-F8BADF297E05}.Release|Any CPU.Build.0 = Release|Any CPU
		{043F1F77-B02E-4CD2-B65A-F8BADF297E05}.Release|x64.ActiveCfg = Release|Any CPU
		{043F1F77-B02E-4CD2-B65A-F8BADF297E05}.Release|x64.Build.0 = Release|Any CPU
		{043F1F77-B02E-4CD2-B65A-F8BADF297E05}.Release|x86.ActiveCfg = Release|Any CPU
		{043F1F77-B02E-4CD2-B65A-F8BADF297E05}.Release|x86.Build.0 = Release|Any CPU
		{1AC1065B-AE13-47B2-89AA-ABFFFB103B72}.Debug|Any CPU.ActiveCfg = Debug|Any CPU
		{1AC1065B-AE13-47B2-89AA-ABFFFB103B72}.Debug|Any CPU.Build.0 = Debug|Any CPU
		{1AC1065B-AE13-47B2-89AA-ABFFFB103B72}.Debug|x64.ActiveCfg = Debug|Any CPU
		{1AC1065B-AE13-47B2-89AA-ABFFFB103B72}.Debug|x64.Build.0 = Debug|Any CPU
		{1AC1065B-AE13-47B2-89AA-ABFFFB103B72}.Debug|x86.ActiveCfg = Debug|Any CPU
		{1AC1065B-AE13-47B2-89AA-ABFFFB103B72}.Debug|x86.Build.0 = Debug|Any CPU
		{1AC1065B-AE13-47B2-89AA-ABFFFB103B72}.Release|Any CPU.ActiveCfg = Release|Any CPU
		{1AC1065B-AE13-47B2-89AA-ABFFFB103B72}.Release|Any CPU.Build.0 = Release|Any CPU
		{1AC1065B-AE13-47B2-89AA-ABFFFB103B72}.Release|x64.ActiveCfg = Release|Any CPU
		{1AC1065B-AE13-47B2-89AA-ABFFFB103B72}.Release|x64.Build.0 = Release|Any CPU
		{1AC1065B-AE13-47B2-89AA-ABFFFB103B72}.Release|x86.ActiveCfg = Release|Any CPU
		{1AC1065B-AE13-47B2-89AA-ABFFFB103B72}.Release|x86.Build.0 = Release|Any CPU
		{544C5FE4-3808-44F6-88B3-1AFDBA2138B9}.Debug|Any CPU.ActiveCfg = Debug|Any CPU
		{544C5FE4-3808-44F6-88B3-1AFDBA2138B9}.Debug|Any CPU.Build.0 = Debug|Any CPU
		{544C5FE4-3808-44F6-88B3-1AFDBA2138B9}.Debug|x64.ActiveCfg = Debug|Any CPU
		{544C5FE4-3808-44F6-88B3-1AFDBA2138B9}.Debug|x64.Build.0 = Debug|Any CPU
		{544C5FE4-3808-44F6-88B3-1AFDBA2138B9}.Debug|x86.ActiveCfg = Debug|Any CPU
		{544C5FE4-3808-44F6-88B3-1AFDBA2138B9}.Debug|x86.Build.0 = Debug|Any CPU
		{544C5FE4-3808-44F6-88B3-1AFDBA2138B9}.Release|Any CPU.ActiveCfg = Release|Any CPU
		{544C5FE4-3808-44F6-88B3-1AFDBA2138B9}.Release|Any CPU.Build.0 = Release|Any CPU
		{544C5FE4-3808-44F6-88B3-1AFDBA2138B9}.Release|x64.ActiveCfg = Release|Any CPU
		{544C5FE4-3808-44F6-88B3-1AFDBA2138B9}.Release|x64.Build.0 = Release|Any CPU
		{544C5FE4-3808-44F6-88B3-1AFDBA2138B9}.Release|x86.ActiveCfg = Release|Any CPU
		{544C5FE4-3808-44F6-88B3-1AFDBA2138B9}.Release|x86.Build.0 = Release|Any CPU
	EndGlobalSection
	GlobalSection(SolutionProperties) = preSolution
		HideSolutionNode = FALSE
	EndGlobalSection
	GlobalSection(NestedProjects) = preSolution
		{467F357F-E129-494A-BC95-E21B4F5656DA} = {827E0CD3-B72D-47B6-A68D-7590B98EB39B}
		{BFFEACBF-85F4-4000-A5EE-2E48E9F7D8CC} = {827E0CD3-B72D-47B6-A68D-7590B98EB39B}
		{F2E745C9-6F0A-4B7A-91E3-516498ACE12E} = {827E0CD3-B72D-47B6-A68D-7590B98EB39B}
		{2D992E49-C14A-4EF8-A2B1-22362F308F41} = {827E0CD3-B72D-47B6-A68D-7590B98EB39B}
		{043F1F77-B02E-4CD2-B65A-F8BADF297E05} = {827E0CD3-B72D-47B6-A68D-7590B98EB39B}
		{1AC1065B-AE13-47B2-89AA-ABFFFB103B72} = {827E0CD3-B72D-47B6-A68D-7590B98EB39B}
		{544C5FE4-3808-44F6-88B3-1AFDBA2138B9} = {827E0CD3-B72D-47B6-A68D-7590B98EB39B}
	EndGlobalSection
EndGlobal
